
Microsoft Visual Studio Solution File, Format Version 12.00
# Visual Studio Version 17
VisualStudioVersion = 17.3.32929.385
MinimumVisualStudioVersion = 10.0.40219.1
Project("{9A19103F-16F7-4668-BE54-9A1E7A4F7556}") = "Lab_3", "Lab_3.csproj", "{5CC327A2-E70E-4F35-BCD6-FDCDC3E4DC39}"
EndProject
Global
	GlobalSection(SolutionConfigurationPlatforms) = preSolution
		Debug|Any CPU = Debug|Any CPU
		Release|Any CPU = Release|Any CPU
	EndGlobalSection
	GlobalSection(ProjectConfigurationPlatforms) = postSolution
		{5CC327A2-E70E-4F35-BCD6-FDCDC3E4DC39}.Debug|Any CPU.ActiveCfg = Debug|Any CPU
		{5CC327A2-E70E-4F35-BCD6-FDCDC3E4DC39}.Debug|Any CPU.Build.0 = Debug|Any CPU
		{5CC327A2-E70E-4F35-BCD6-FDCDC3E4DC39}.Release|Any CPU.ActiveCfg = Release|Any CPU
		{5CC327A2-E70E-4F35-BCD6-FDCDC3E4DC39}.Release|Any CPU.Build.0 = Release|Any CPU
	EndGlobalSection
	GlobalSection(SolutionProperties) = preSolution
		HideSolutionNode = FALSE
	EndGlobalSection
	GlobalSection(ExtensibilityGlobals) = postSolution
		SolutionGuid = {A2C808A1-C0E5-41EF-87DD-6F84812FD023}
	EndGlobalSection
EndGlobal
